
Microsoft Visual Studio Solution File, Format Version 12.00
# Visual Studio Version 17
VisualStudioVersion = 17.8.34330.188
MinimumVisualStudioVersion = 10.0.40219.1
Project("{FAE04EC0-301F-11D3-BF4B-00C04F79EFBC}") = "TaskManagementProject", "TaskManagementProject.csproj", "{40C0023B-480F-4DDE-B4C0-B4DB34FFB826}"
EndProject
Global
	GlobalSection(SolutionConfigurationPlatforms) = preSolution
		Debug|Any CPU = Debug|Any CPU
		Release|Any CPU = Release|Any CPU
	EndGlobalSection
	GlobalSection(ProjectConfigurationPlatforms) = postSolution
		{40C0023B-480F-4DDE-B4C0-B4DB34FFB826}.Debug|Any CPU.ActiveCfg = Debug|Any CPU
		{40C0023B-480F-4DDE-B4C0-B4DB34FFB826}.Debug|Any CPU.Build.0 = Debug|Any CPU
		{40C0023B-480F-4DDE-B4C0-B4DB34FFB826}.Release|Any CPU.ActiveCfg = Release|Any CPU
		{40C0023B-480F-4DDE-B4C0-B4DB34FFB826}.Release|Any CPU.Build.0 = Release|Any CPU
	EndGlobalSection
	GlobalSection(SolutionProperties) = preSolution
		HideSolutionNode = FALSE
	EndGlobalSection
	GlobalSection(ExtensibilityGlobals) = postSolution
		SolutionGuid = {DBA62B88-7648-4DE5-A7E1-03120A766D7A}
	EndGlobalSection
EndGlobal
